
Microsoft Visual Studio Solution File, Format Version 12.00
# Visual Studio Version 16
VisualStudioVersion = 16.0.28729.10
MinimumVisualStudioVersion = 10.0.40219.1
Project("{FAE04EC0-301F-11D3-BF4B-00C04F79EFBC}") = "ShopToys(ver1.0)", "ShopToys(ver1.0).csproj", "{BD799C72-D0A5-4BEB-80B1-ECB73970C95A}"
EndProject
Global
	GlobalSection(SolutionConfigurationPlatforms) = preSolution
		Debug|Any CPU = Debug|Any CPU
		Release|Any CPU = Release|Any CPU
	EndGlobalSection
	GlobalSection(ProjectConfigurationPlatforms) = postSolution
		{BD799C72-D0A5-4BEB-80B1-ECB73970C95A}.Debug|Any CPU.ActiveCfg = Debug|Any CPU
		{BD799C72-D0A5-4BEB-80B1-ECB73970C95A}.Debug|Any CPU.Build.0 = Debug|Any CPU
		{BD799C72-D0A5-4BEB-80B1-ECB73970C95A}.Release|Any CPU.ActiveCfg = Release|Any CPU
		{BD799C72-D0A5-4BEB-80B1-ECB73970C95A}.Release|Any CPU.Build.0 = Release|Any CPU
	EndGlobalSection
	GlobalSection(SolutionProperties) = preSolution
		HideSolutionNode = FALSE
	EndGlobalSection
	GlobalSection(ExtensibilityGlobals) = postSolution
		SolutionGuid = {C53C4B23-A056-4B09-A345-A5EFC23B3292}
	EndGlobalSection
EndGlobal
